
Microsoft Visual Studio Solution File, Format Version 12.00
# Visual Studio Version 16
VisualStudioVersion = 16.0.29324.140
MinimumVisualStudioVersion = 10.0.40219.1
Project("{2150E333-8FDC-42A3-9474-1A3956D46DE8}") = "src", "src", "{215176BD-3D59-4345-8D89-4B567EFCD759}"
EndProject
Project("{2150E333-8FDC-42A3-9474-1A3956D46DE8}") = "test", "test", "{B6D86199-8075-41B3-ACF9-F26438A5CB41}"
EndProject
Project("{2150E333-8FDC-42A3-9474-1A3956D46DE8}") = "AOP", "AOP", "{6ACEC9BF-3BA3-4A27-AF54-60B95A6568E2}"
EndProject
Project("{2150E333-8FDC-42A3-9474-1A3956D46DE8}") = "Cache", "Cache", "{6B3AB3FA-4409-44A0-A094-1B1704187E0D}"
EndProject
Project("{9A19103F-16F7-4668-BE54-9A1E7A4F7556}") = "Monica.AspectFlare", "src\AOP\Monica.AspectFlare\Monica.AspectFlare.csproj", "{1B6261B6-5B3C-4090-B2A6-85403D8A9A1D}"
EndProject
Project("{9A19103F-16F7-4668-BE54-9A1E7A4F7556}") = "Monica.AspectFlare.DependencyInjection", "src\AOP\Monica.AspectFlare.DependencyInjection\Monica.AspectFlare.DependencyInjection.csproj", "{2CB455FF-6180-40FB-8E08-92EC2D2D39ED}"
EndProject
Project("{9A19103F-16F7-4668-BE54-9A1E7A4F7556}") = "Monica.Cache", "src\Cache\Monica.Cache\Monica.Cache.csproj", "{4ABAB143-F71B-41C0-83E8-C29708A67C6A}"
EndProject
Project("{9A19103F-16F7-4668-BE54-9A1E7A4F7556}") = "Monica.Cache.Redis", "src\Cache\Monica.Cache.Redis\Monica.Cache.Redis.csproj", "{9792F822-2143-4CA6-B3FB-ABE2ADA387DA}"
EndProject
Project("{2150E333-8FDC-42A3-9474-1A3956D46DE8}") = "Core", "Core", "{4B0A23E1-319A-41E6-AF71-C3F486D12760}"
EndProject
Project("{2150E333-8FDC-42A3-9474-1A3956D46DE8}") = "Domain", "Domain", "{427AE615-ABEE-4124-8541-D5EE34FB93AD}"
EndProject
Project("{9A19103F-16F7-4668-BE54-9A1E7A4F7556}") = "Monica.EntityFrameworkCore", "src\Domain\Monica.EntityFrameworkCore\Monica.EntityFrameworkCore.csproj", "{A47BB365-57C8-4D5A-BA39-8FCE9A243D3F}"
EndProject
Project("{9A19103F-16F7-4668-BE54-9A1E7A4F7556}") = "Monica.EntityFrameworkCore.MySql", "src\Domain\Monica.EntityFrameworkCore.MySql\Monica.EntityFrameworkCore.MySql.csproj", "{352BBC9A-39F1-4F73-8768-B1877CE20C73}"
EndProject
Project("{9A19103F-16F7-4668-BE54-9A1E7A4F7556}") = "Monica.EntityFrameworkCore.Sqlite", "src\Domain\Monica.EntityFrameworkCore.Sqlite\Monica.EntityFrameworkCore.Sqlite.csproj", "{50E9A6E4-170C-4AB9-B82F-57EAF30AD4C1}"
EndProject
Project("{9A19103F-16F7-4668-BE54-9A1E7A4F7556}") = "Monica.EntityFrameworkCore.SqlServer", "src\Domain\Monica.EntityFrameworkCore.SqlServer\Monica.EntityFrameworkCore.SqlServer.csproj", "{A72EBECF-B787-47C6-864B-A826D78771E4}"
EndProject
Project("{9A19103F-16F7-4668-BE54-9A1E7A4F7556}") = "Monica.MySql", "src\Domain\Monica.MySql\Monica.MySql.csproj", "{D24388D3-9DAD-46ED-9C57-2FFB4FBB1118}"
EndProject
Project("{9A19103F-16F7-4668-BE54-9A1E7A4F7556}") = "Monica.Sqlite", "src\Domain\Monica.Sqlite\Monica.Sqlite.csproj", "{D148037E-8111-4C77-8272-5A2E923ACF24}"
EndProject
Project("{9A19103F-16F7-4668-BE54-9A1E7A4F7556}") = "Monica.SqlServer", "src\Domain\Monica.SqlServer\Monica.SqlServer.csproj", "{23CB1D94-9F85-4AE6-B9F8-0C88D1C127EC}"
EndProject
Project("{2150E333-8FDC-42A3-9474-1A3956D46DE8}") = "Jwt", "Jwt", "{23337BD0-691B-4789-B40E-6DB9520F191F}"
EndProject
Project("{9A19103F-16F7-4668-BE54-9A1E7A4F7556}") = "Monica.Jwt", "src\Jwt\Monica.Jwt\Monica.Jwt.csproj", "{D2645B50-23B0-420F-8F40-2424AD2B763C}"
EndProject
Project("{9A19103F-16F7-4668-BE54-9A1E7A4F7556}") = "Monica.DataAccess", "src\Domain\Monica.DataAccess\Monica.DataAccess.csproj", "{D2F785B8-6F92-4DD5-9A31-FA66732CAFD8}"
EndProject
Project("{2150E333-8FDC-42A3-9474-1A3956D46DE8}") = "EventBus", "EventBus", "{879C179B-47B9-4DB5-A346-FDFCFC348D18}"
EndProject
Project("{9A19103F-16F7-4668-BE54-9A1E7A4F7556}") = "Monica.EventBus.Abstractions", "src\EventBus\Monica.EventBus.Abstractions\Monica.EventBus.Abstractions.csproj", "{5E62585B-DB28-4FCB-B4AE-2B8B3BE553D8}"
EndProject
Project("{9A19103F-16F7-4668-BE54-9A1E7A4F7556}") = "Monica.EventBus.Memory", "src\EventBus\Monica.EventBus.Memory\Monica.EventBus.Memory.csproj", "{A07D4828-02FA-427B-BB38-5FEA5763D2A1}"
EndProject
Project("{9A19103F-16F7-4668-BE54-9A1E7A4F7556}") = "Monica.Test", "test\Monica.Test\Monica.Test.csproj", "{14BE71C7-C03E-407A-84FC-D183FF3627B2}"
EndProject
Project("{2150E333-8FDC-42A3-9474-1A3956D46DE8}") = "CodeGenerator", "CodeGenerator", "{81200DB3-6843-40A3-A013-342C99B00584}"
EndProject
Project("{9A19103F-16F7-4668-BE54-9A1E7A4F7556}") = "Monica.CodeGenerator", "src\CodeGenerator\Monica.CodeGenerator\Monica.CodeGenerator.csproj", "{8176C64E-8A60-48DE-A2A7-EEE887023267}"
EndProject
Project("{9A19103F-16F7-4668-BE54-9A1E7A4F7556}") = "Monica", "src\Core\Monica\Monica.csproj", "{C9794D65-384E-426B-93AC-8866F4AA35CA}"
EndProject
Project("{9A19103F-16F7-4668-BE54-9A1E7A4F7556}") = "Monica.Web", "src\Core\Monica.Web\Monica.Web.csproj", "{4B792C81-C2BE-4B90-B51C-9094698E2B31}"
EndProject
Project("{2150E333-8FDC-42A3-9474-1A3956D46DE8}") = "demo", "demo", "{7C3CB9E9-B866-494F-9C74-B33997E36B9C}"
EndProject
Project("{9A19103F-16F7-4668-BE54-9A1E7A4F7556}") = "Demo.WebApi", "demo\Demo.WebApi\Demo.WebApi.csproj", "{474F83B8-F6E1-4053-B30B-E549AAE7B8DF}"
EndProject
Project("{9A19103F-16F7-4668-BE54-9A1E7A4F7556}") = "Demo.Core", "demo\Demo.Core\Demo.Core.csproj", "{8779747F-5578-485B-88DA-B6B3F3E5C8C8}"
EndProject
Project("{9A19103F-16F7-4668-BE54-9A1E7A4F7556}") = "Demo.DataAccess", "demo\Demo.DataAccess\Demo.DataAccess.csproj", "{A7F3C9C4-34CF-4570-9E37-4CD8D5769283}"
EndProject
Project("{9A19103F-16F7-4668-BE54-9A1E7A4F7556}") = "Demo.DataAccess.EFCore", "demo\Demo.DataAccess.EFCore\Demo.DataAccess.EFCore.csproj", "{84CFE9D6-D091-4896-9541-7C09C219A235}"
EndProject
Project("{9A19103F-16F7-4668-BE54-9A1E7A4F7556}") = "Demo.Tests", "demo\Demo.DataAccessTests\Demo.Tests.csproj", "{D00A8EF1-062B-4DFF-AED2-2BC9E07926AA}"
EndProject
Project("{9A19103F-16F7-4668-BE54-9A1E7A4F7556}") = "Demo.DataAccess.CodeGenerator", "demo\Demo.DataAccess.CodeGenerator\Demo.DataAccess.CodeGenerator.csproj", "{1ECA8449-E409-4AA6-AC86-F3040E181795}"
EndProject
Project("{9A19103F-16F7-4668-BE54-9A1E7A4F7556}") = "Demo.Library", "demo\Demo.Library\Demo.Library.csproj", "{6FBA6C45-0C87-43AB-B1B4-FD8543FCBC33}"
EndProject
Project("{9A19103F-16F7-4668-BE54-9A1E7A4F7556}") = "Monica.Entities", "src\Domain\Monica.Entities\Monica.Entities.csproj", "{12202BBD-B85B-429E-96F1-BF46C1B9D991}"
EndProject
Project("{2150E333-8FDC-42A3-9474-1A3956D46DE8}") = "Authorization", "Authorization", "{CC51FC81-711F-4CDD-BE60-931CB40A9B4F}"
EndProject
Project("{FAE04EC0-301F-11D3-BF4B-00C04F79EFBC}") = "Monica.Authorization.Abstraction", "src\Authorization\Monica.Authorization.Abstraction\Monica.Authorization.Abstraction.csproj", "{6274D3E1-C9AC-4E09-A463-A958F74F3C10}"
EndProject
Project("{FAE04EC0-301F-11D3-BF4B-00C04F79EFBC}") = "Monica.Authorization", "src\Authorization\Monica.Authorization\Monica.Authorization.csproj", "{E46B847C-EFCC-40DD-9F5C-D669C735FD6D}"
EndProject
Global
	GlobalSection(SolutionConfigurationPlatforms) = preSolution
		Debug|Any CPU = Debug|Any CPU
		Release|Any CPU = Release|Any CPU
	EndGlobalSection
	GlobalSection(ProjectConfigurationPlatforms) = postSolution
		{1B6261B6-5B3C-4090-B2A6-85403D8A9A1D}.Debug|Any CPU.ActiveCfg = Debug|Any CPU
		{1B6261B6-5B3C-4090-B2A6-85403D8A9A1D}.Debug|Any CPU.Build.0 = Debug|Any CPU
		{1B6261B6-5B3C-4090-B2A6-85403D8A9A1D}.Release|Any CPU.ActiveCfg = Release|Any CPU
		{1B6261B6-5B3C-4090-B2A6-85403D8A9A1D}.Release|Any CPU.Build.0 = Release|Any CPU
		{2CB455FF-6180-40FB-8E08-92EC2D2D39ED}.Debug|Any CPU.ActiveCfg = Debug|Any CPU
		{2CB455FF-6180-40FB-8E08-92EC2D2D39ED}.Debug|Any CPU.Build.0 = Debug|Any CPU
		{2CB455FF-6180-40FB-8E08-92EC2D2D39ED}.Release|Any CPU.ActiveCfg = Release|Any CPU
		{2CB455FF-6180-40FB-8E08-92EC2D2D39ED}.Release|Any CPU.Build.0 = Release|Any CPU
		{4ABAB143-F71B-41C0-83E8-C29708A67C6A}.Debug|Any CPU.ActiveCfg = Debug|Any CPU
		{4ABAB143-F71B-41C0-83E8-C29708A67C6A}.Debug|Any CPU.Build.0 = Debug|Any CPU
		{4ABAB143-F71B-41C0-83E8-C29708A67C6A}.Release|Any CPU.ActiveCfg = Release|Any CPU
		{4ABAB143-F71B-41C0-83E8-C29708A67C6A}.Release|Any CPU.Build.0 = Release|Any CPU
		{9792F822-2143-4CA6-B3FB-ABE2ADA387DA}.Debug|Any CPU.ActiveCfg = Debug|Any CPU
		{9792F822-2143-4CA6-B3FB-ABE2ADA387DA}.Debug|Any CPU.Build.0 = Debug|Any CPU
		{9792F822-2143-4CA6-B3FB-ABE2ADA387DA}.Release|Any CPU.ActiveCfg = Release|Any CPU
		{9792F822-2143-4CA6-B3FB-ABE2ADA387DA}.Release|Any CPU.Build.0 = Release|Any CPU
		{A47BB365-57C8-4D5A-BA39-8FCE9A243D3F}.Debug|Any CPU.ActiveCfg = Debug|Any CPU
		{A47BB365-57C8-4D5A-BA39-8FCE9A243D3F}.Debug|Any CPU.Build.0 = Debug|Any CPU
		{A47BB365-57C8-4D5A-BA39-8FCE9A243D3F}.Release|Any CPU.ActiveCfg = Release|Any CPU
		{A47BB365-57C8-4D5A-BA39-8FCE9A243D3F}.Release|Any CPU.Build.0 = Release|Any CPU
		{352BBC9A-39F1-4F73-8768-B1877CE20C73}.Debug|Any CPU.ActiveCfg = Debug|Any CPU
		{352BBC9A-39F1-4F73-8768-B1877CE20C73}.Debug|Any CPU.Build.0 = Debug|Any CPU
		{352BBC9A-39F1-4F73-8768-B1877CE20C73}.Release|Any CPU.ActiveCfg = Release|Any CPU
		{352BBC9A-39F1-4F73-8768-B1877CE20C73}.Release|Any CPU.Build.0 = Release|Any CPU
		{50E9A6E4-170C-4AB9-B82F-57EAF30AD4C1}.Debug|Any CPU.ActiveCfg = Debug|Any CPU
		{50E9A6E4-170C-4AB9-B82F-57EAF30AD4C1}.Debug|Any CPU.Build.0 = Debug|Any CPU
		{50E9A6E4-170C-4AB9-B82F-57EAF30AD4C1}.Release|Any CPU.ActiveCfg = Release|Any CPU
		{50E9A6E4-170C-4AB9-B82F-57EAF30AD4C1}.Release|Any CPU.Build.0 = Release|Any CPU
		{A72EBECF-B787-47C6-864B-A826D78771E4}.Debug|Any CPU.ActiveCfg = Debug|Any CPU
		{A72EBECF-B787-47C6-864B-A826D78771E4}.Debug|Any CPU.Build.0 = Debug|Any CPU
		{A72EBECF-B787-47C6-864B-A826D78771E4}.Release|Any CPU.ActiveCfg = Release|Any CPU
		{A72EBECF-B787-47C6-864B-A826D78771E4}.Release|Any CPU.Build.0 = Release|Any CPU
		{D24388D3-9DAD-46ED-9C57-2FFB4FBB1118}.Debug|Any CPU.ActiveCfg = Debug|Any CPU
		{D24388D3-9DAD-46ED-9C57-2FFB4FBB1118}.Debug|Any CPU.Build.0 = Debug|Any CPU
		{D24388D3-9DAD-46ED-9C57-2FFB4FBB1118}.Release|Any CPU.ActiveCfg = Release|Any CPU
		{D24388D3-9DAD-46ED-9C57-2FFB4FBB1118}.Release|Any CPU.Build.0 = Release|Any CPU
		{D148037E-8111-4C77-8272-5A2E923ACF24}.Debug|Any CPU.ActiveCfg = Debug|Any CPU
		{D148037E-8111-4C77-8272-5A2E923ACF24}.Debug|Any CPU.Build.0 = Debug|Any CPU
		{D148037E-8111-4C77-8272-5A2E923ACF24}.Release|Any CPU.ActiveCfg = Release|Any CPU
		{D148037E-8111-4C77-8272-5A2E923ACF24}.Release|Any CPU.Build.0 = Release|Any CPU
		{23CB1D94-9F85-4AE6-B9F8-0C88D1C127EC}.Debug|Any CPU.ActiveCfg = Debug|Any CPU
		{23CB1D94-9F85-4AE6-B9F8-0C88D1C127EC}.Debug|Any CPU.Build.0 = Debug|Any CPU
		{23CB1D94-9F85-4AE6-B9F8-0C88D1C127EC}.Release|Any CPU.ActiveCfg = Release|Any CPU
		{23CB1D94-9F85-4AE6-B9F8-0C88D1C127EC}.Release|Any CPU.Build.0 = Release|Any CPU
		{D2645B50-23B0-420F-8F40-2424AD2B763C}.Debug|Any CPU.ActiveCfg = Debug|Any CPU
		{D2645B50-23B0-420F-8F40-2424AD2B763C}.Debug|Any CPU.Build.0 = Debug|Any CPU
		{D2645B50-23B0-420F-8F40-2424AD2B763C}.Release|Any CPU.ActiveCfg = Release|Any CPU
		{D2645B50-23B0-420F-8F40-2424AD2B763C}.Release|Any CPU.Build.0 = Release|Any CPU
		{D2F785B8-6F92-4DD5-9A31-FA66732CAFD8}.Debug|Any CPU.ActiveCfg = Debug|Any CPU
		{D2F785B8-6F92-4DD5-9A31-FA66732CAFD8}.Debug|Any CPU.Build.0 = Debug|Any CPU
		{D2F785B8-6F92-4DD5-9A31-FA66732CAFD8}.Release|Any CPU.ActiveCfg = Release|Any CPU
		{D2F785B8-6F92-4DD5-9A31-FA66732CAFD8}.Release|Any CPU.Build.0 = Release|Any CPU
		{5E62585B-DB28-4FCB-B4AE-2B8B3BE553D8}.Debug|Any CPU.ActiveCfg = Debug|Any CPU
		{5E62585B-DB28-4FCB-B4AE-2B8B3BE553D8}.Debug|Any CPU.Build.0 = Debug|Any CPU
		{5E62585B-DB28-4FCB-B4AE-2B8B3BE553D8}.Release|Any CPU.ActiveCfg = Release|Any CPU
		{5E62585B-DB28-4FCB-B4AE-2B8B3BE553D8}.Release|Any CPU.Build.0 = Release|Any CPU
		{A07D4828-02FA-427B-BB38-5FEA5763D2A1}.Debug|Any CPU.ActiveCfg = Debug|Any CPU
		{A07D4828-02FA-427B-BB38-5FEA5763D2A1}.Debug|Any CPU.Build.0 = Debug|Any CPU
		{A07D4828-02FA-427B-BB38-5FEA5763D2A1}.Release|Any CPU.ActiveCfg = Release|Any CPU
		{A07D4828-02FA-427B-BB38-5FEA5763D2A1}.Release|Any CPU.Build.0 = Release|Any CPU
		{14BE71C7-C03E-407A-84FC-D183FF3627B2}.Debug|Any CPU.ActiveCfg = Debug|Any CPU
		{14BE71C7-C03E-407A-84FC-D183FF3627B2}.Debug|Any CPU.Build.0 = Debug|Any CPU
		{14BE71C7-C03E-407A-84FC-D183FF3627B2}.Release|Any CPU.ActiveCfg = Release|Any CPU
		{14BE71C7-C03E-407A-84FC-D183FF3627B2}.Release|Any CPU.Build.0 = Release|Any CPU
		{8176C64E-8A60-48DE-A2A7-EEE887023267}.Debug|Any CPU.ActiveCfg = Debug|Any CPU
		{8176C64E-8A60-48DE-A2A7-EEE887023267}.Debug|Any CPU.Build.0 = Debug|Any CPU
		{8176C64E-8A60-48DE-A2A7-EEE887023267}.Release|Any CPU.ActiveCfg = Release|Any CPU
		{8176C64E-8A60-48DE-A2A7-EEE887023267}.Release|Any CPU.Build.0 = Release|Any CPU
		{C9794D65-384E-426B-93AC-8866F4AA35CA}.Debug|Any CPU.ActiveCfg = Debug|Any CPU
		{C9794D65-384E-426B-93AC-8866F4AA35CA}.Debug|Any CPU.Build.0 = Debug|Any CPU
		{C9794D65-384E-426B-93AC-8866F4AA35CA}.Release|Any CPU.ActiveCfg = Release|Any CPU
		{C9794D65-384E-426B-93AC-8866F4AA35CA}.Release|Any CPU.Build.0 = Release|Any CPU
		{4B792C81-C2BE-4B90-B51C-9094698E2B31}.Debug|Any CPU.ActiveCfg = Debug|Any CPU
		{4B792C81-C2BE-4B90-B51C-9094698E2B31}.Debug|Any CPU.Build.0 = Debug|Any CPU
		{4B792C81-C2BE-4B90-B51C-9094698E2B31}.Release|Any CPU.ActiveCfg = Release|Any CPU
		{4B792C81-C2BE-4B90-B51C-9094698E2B31}.Release|Any CPU.Build.0 = Release|Any CPU
		{474F83B8-F6E1-4053-B30B-E549AAE7B8DF}.Debug|Any CPU.ActiveCfg = Debug|Any CPU
		{474F83B8-F6E1-4053-B30B-E549AAE7B8DF}.Debug|Any CPU.Build.0 = Debug|Any CPU
		{474F83B8-F6E1-4053-B30B-E549AAE7B8DF}.Release|Any CPU.ActiveCfg = Release|Any CPU
		{474F83B8-F6E1-4053-B30B-E549AAE7B8DF}.Release|Any CPU.Build.0 = Release|Any CPU
		{8779747F-5578-485B-88DA-B6B3F3E5C8C8}.Debug|Any CPU.ActiveCfg = Debug|Any CPU
		{8779747F-5578-485B-88DA-B6B3F3E5C8C8}.Debug|Any CPU.Build.0 = Debug|Any CPU
		{8779747F-5578-485B-88DA-B6B3F3E5C8C8}.Release|Any CPU.ActiveCfg = Release|Any CPU
		{8779747F-5578-485B-88DA-B6B3F3E5C8C8}.Release|Any CPU.Build.0 = Release|Any CPU
		{A7F3C9C4-34CF-4570-9E37-4CD8D5769283}.Debug|Any CPU.ActiveCfg = Debug|Any CPU
		{A7F3C9C4-34CF-4570-9E37-4CD8D5769283}.Debug|Any CPU.Build.0 = Debug|Any CPU
		{A7F3C9C4-34CF-4570-9E37-4CD8D5769283}.Release|Any CPU.ActiveCfg = Release|Any CPU
		{A7F3C9C4-34CF-4570-9E37-4CD8D5769283}.Release|Any CPU.Build.0 = Release|Any CPU
		{84CFE9D6-D091-4896-9541-7C09C219A235}.Debug|Any CPU.ActiveCfg = Debug|Any CPU
		{84CFE9D6-D091-4896-9541-7C09C219A235}.Debug|Any CPU.Build.0 = Debug|Any CPU
		{84CFE9D6-D091-4896-9541-7C09C219A235}.Release|Any CPU.ActiveCfg = Release|Any CPU
		{84CFE9D6-D091-4896-9541-7C09C219A235}.Release|Any CPU.Build.0 = Release|Any CPU
		{D00A8EF1-062B-4DFF-AED2-2BC9E07926AA}.Debug|Any CPU.ActiveCfg = Debug|Any CPU
		{D00A8EF1-062B-4DFF-AED2-2BC9E07926AA}.Debug|Any CPU.Build.0 = Debug|Any CPU
		{D00A8EF1-062B-4DFF-AED2-2BC9E07926AA}.Release|Any CPU.ActiveCfg = Release|Any CPU
		{D00A8EF1-062B-4DFF-AED2-2BC9E07926AA}.Release|Any CPU.Build.0 = Release|Any CPU
		{1ECA8449-E409-4AA6-AC86-F3040E181795}.Debug|Any CPU.ActiveCfg = Debug|Any CPU
		{1ECA8449-E409-4AA6-AC86-F3040E181795}.Debug|Any CPU.Build.0 = Debug|Any CPU
		{1ECA8449-E409-4AA6-AC86-F3040E181795}.Release|Any CPU.ActiveCfg = Release|Any CPU
		{1ECA8449-E409-4AA6-AC86-F3040E181795}.Release|Any CPU.Build.0 = Release|Any CPU
		{6FBA6C45-0C87-43AB-B1B4-FD8543FCBC33}.Debug|Any CPU.ActiveCfg = Debug|Any CPU
		{6FBA6C45-0C87-43AB-B1B4-FD8543FCBC33}.Debug|Any CPU.Build.0 = Debug|Any CPU
		{6FBA6C45-0C87-43AB-B1B4-FD8543FCBC33}.Release|Any CPU.ActiveCfg = Release|Any CPU
		{6FBA6C45-0C87-43AB-B1B4-FD8543FCBC33}.Release|Any CPU.Build.0 = Release|Any CPU
		{12202BBD-B85B-429E-96F1-BF46C1B9D991}.Debug|Any CPU.ActiveCfg = Debug|Any CPU
		{12202BBD-B85B-429E-96F1-BF46C1B9D991}.Debug|Any CPU.Build.0 = Debug|Any CPU
		{12202BBD-B85B-429E-96F1-BF46C1B9D991}.Release|Any CPU.ActiveCfg = Release|Any CPU
		{12202BBD-B85B-429E-96F1-BF46C1B9D991}.Release|Any CPU.Build.0 = Release|Any CPU
		{6274D3E1-C9AC-4E09-A463-A958F74F3C10}.Debug|Any CPU.ActiveCfg = Debug|Any CPU
		{6274D3E1-C9AC-4E09-A463-A958F74F3C10}.Debug|Any CPU.Build.0 = Debug|Any CPU
		{6274D3E1-C9AC-4E09-A463-A958F74F3C10}.Release|Any CPU.ActiveCfg = Release|Any CPU
		{6274D3E1-C9AC-4E09-A463-A958F74F3C10}.Release|Any CPU.Build.0 = Release|Any CPU
		{E46B847C-EFCC-40DD-9F5C-D669C735FD6D}.Debug|Any CPU.ActiveCfg = Debug|Any CPU
		{E46B847C-EFCC-40DD-9F5C-D669C735FD6D}.Debug|Any CPU.Build.0 = Debug|Any CPU
		{E46B847C-EFCC-40DD-9F5C-D669C735FD6D}.Release|Any CPU.ActiveCfg = Release|Any CPU
		{E46B847C-EFCC-40DD-9F5C-D669C735FD6D}.Release|Any CPU.Build.0 = Release|Any CPU
	EndGlobalSection
	GlobalSection(SolutionProperties) = preSolution
		HideSolutionNode = FALSE
	EndGlobalSection
	GlobalSection(NestedProjects) = preSolution
		{6ACEC9BF-3BA3-4A27-AF54-60B95A6568E2} = {215176BD-3D59-4345-8D89-4B567EFCD759}
		{6B3AB3FA-4409-44A0-A094-1B1704187E0D} = {215176BD-3D59-4345-8D89-4B567EFCD759}
		{1B6261B6-5B3C-4090-B2A6-85403D8A9A1D} = {6ACEC9BF-3BA3-4A27-AF54-60B95A6568E2}
		{2CB455FF-6180-40FB-8E08-92EC2D2D39ED} = {6ACEC9BF-3BA3-4A27-AF54-60B95A6568E2}
		{4ABAB143-F71B-41C0-83E8-C29708A67C6A} = {6B3AB3FA-4409-44A0-A094-1B1704187E0D}
		{9792F822-2143-4CA6-B3FB-ABE2ADA387DA} = {6B3AB3FA-4409-44A0-A094-1B1704187E0D}
		{4B0A23E1-319A-41E6-AF71-C3F486D12760} = {215176BD-3D59-4345-8D89-4B567EFCD759}
		{427AE615-ABEE-4124-8541-D5EE34FB93AD} = {215176BD-3D59-4345-8D89-4B567EFCD759}
		{A47BB365-57C8-4D5A-BA39-8FCE9A243D3F} = {427AE615-ABEE-4124-8541-D5EE34FB93AD}
		{352BBC9A-39F1-4F73-8768-B1877CE20C73} = {427AE615-ABEE-4124-8541-D5EE34FB93AD}
		{50E9A6E4-170C-4AB9-B82F-57EAF30AD4C1} = {427AE615-ABEE-4124-8541-D5EE34FB93AD}
		{A72EBECF-B787-47C6-864B-A826D78771E4} = {427AE615-ABEE-4124-8541-D5EE34FB93AD}
		{D24388D3-9DAD-46ED-9C57-2FFB4FBB1118} = {427AE615-ABEE-4124-8541-D5EE34FB93AD}
		{D148037E-8111-4C77-8272-5A2E923ACF24} = {427AE615-ABEE-4124-8541-D5EE34FB93AD}
		{23CB1D94-9F85-4AE6-B9F8-0C88D1C127EC} = {427AE615-ABEE-4124-8541-D5EE34FB93AD}
		{23337BD0-691B-4789-B40E-6DB9520F191F} = {215176BD-3D59-4345-8D89-4B567EFCD759}
		{D2645B50-23B0-420F-8F40-2424AD2B763C} = {23337BD0-691B-4789-B40E-6DB9520F191F}
		{D2F785B8-6F92-4DD5-9A31-FA66732CAFD8} = {427AE615-ABEE-4124-8541-D5EE34FB93AD}
		{879C179B-47B9-4DB5-A346-FDFCFC348D18} = {215176BD-3D59-4345-8D89-4B567EFCD759}
		{5E62585B-DB28-4FCB-B4AE-2B8B3BE553D8} = {879C179B-47B9-4DB5-A346-FDFCFC348D18}
		{A07D4828-02FA-427B-BB38-5FEA5763D2A1} = {879C179B-47B9-4DB5-A346-FDFCFC348D18}
		{14BE71C7-C03E-407A-84FC-D183FF3627B2} = {B6D86199-8075-41B3-ACF9-F26438A5CB41}
		{81200DB3-6843-40A3-A013-342C99B00584} = {215176BD-3D59-4345-8D89-4B567EFCD759}
		{8176C64E-8A60-48DE-A2A7-EEE887023267} = {81200DB3-6843-40A3-A013-342C99B00584}
		{C9794D65-384E-426B-93AC-8866F4AA35CA} = {4B0A23E1-319A-41E6-AF71-C3F486D12760}
		{4B792C81-C2BE-4B90-B51C-9094698E2B31} = {4B0A23E1-319A-41E6-AF71-C3F486D12760}
		{474F83B8-F6E1-4053-B30B-E549AAE7B8DF} = {7C3CB9E9-B866-494F-9C74-B33997E36B9C}
		{8779747F-5578-485B-88DA-B6B3F3E5C8C8} = {7C3CB9E9-B866-494F-9C74-B33997E36B9C}
		{A7F3C9C4-34CF-4570-9E37-4CD8D5769283} = {7C3CB9E9-B866-494F-9C74-B33997E36B9C}
		{84CFE9D6-D091-4896-9541-7C09C219A235} = {7C3CB9E9-B866-494F-9C74-B33997E36B9C}
		{D00A8EF1-062B-4DFF-AED2-2BC9E07926AA} = {7C3CB9E9-B866-494F-9C74-B33997E36B9C}
		{1ECA8449-E409-4AA6-AC86-F3040E181795} = {7C3CB9E9-B866-494F-9C74-B33997E36B9C}
		{6FBA6C45-0C87-43AB-B1B4-FD8543FCBC33} = {7C3CB9E9-B866-494F-9C74-B33997E36B9C}
		{12202BBD-B85B-429E-96F1-BF46C1B9D991} = {427AE615-ABEE-4124-8541-D5EE34FB93AD}
		{CC51FC81-711F-4CDD-BE60-931CB40A9B4F} = {215176BD-3D59-4345-8D89-4B567EFCD759}
		{6274D3E1-C9AC-4E09-A463-A958F74F3C10} = {CC51FC81-711F-4CDD-BE60-931CB40A9B4F}
		{E46B847C-EFCC-40DD-9F5C-D669C735FD6D} = {CC51FC81-711F-4CDD-BE60-931CB40A9B4F}
	EndGlobalSection
	GlobalSection(ExtensibilityGlobals) = postSolution
		SolutionGuid = {9C43E25F-90B8-4370-9470-A77C131B5EB6}
	EndGlobalSection
EndGlobal
