
Microsoft Visual Studio Solution File, Format Version 12.00
# Visual Studio Version 16
VisualStudioVersion = 16.0.29324.140
MinimumVisualStudioVersion = 10.0.40219.1
Project("{2150E333-8FDC-42A3-9474-1A3956D46DE8}") = "src", "src", "{215176BD-3D59-4345-8D89-4B567EFCD759}"
EndProject
Project("{2150E333-8FDC-42A3-9474-1A3956D46DE8}") = "test", "test", "{B6D86199-8075-41B3-ACF9-F26438A5CB41}"
EndProject
Project("{2150E333-8FDC-42A3-9474-1A3956D46DE8}") = "AOP", "AOP", "{6ACEC9BF-3BA3-4A27-AF54-60B95A6568E2}"
EndProject
Project("{9A19103F-16F7-4668-BE54-9A1E7A4F7556}") = "Raven.AspectFlare.Samples", "src\AOP\Raven.AspectFlare.Samples\Raven.AspectFlare.Samples.csproj", "{C66EA5BD-66F0-4030-9E2D-B294AA3E42C1}"
EndProject
Project("{2150E333-8FDC-42A3-9474-1A3956D46DE8}") = "Cache", "Cache", "{6B3AB3FA-4409-44A0-A094-1B1704187E0D}"
EndProject
Project("{9A19103F-16F7-4668-BE54-9A1E7A4F7556}") = "Raven.AspectFlare", "src\AOP\Raven.AspectFlare\Raven.AspectFlare.csproj", "{1B6261B6-5B3C-4090-B2A6-85403D8A9A1D}"
EndProject
Project("{9A19103F-16F7-4668-BE54-9A1E7A4F7556}") = "Raven.AspectFlare.DependencyInjection", "src\AOP\Raven.AspectFlare.DependencyInjection\Raven.AspectFlare.DependencyInjection.csproj", "{2CB455FF-6180-40FB-8E08-92EC2D2D39ED}"
EndProject
Project("{9A19103F-16F7-4668-BE54-9A1E7A4F7556}") = "Raven.Cache", "src\Cache\Raven.Cache\Raven.Cache.csproj", "{4ABAB143-F71B-41C0-83E8-C29708A67C6A}"
EndProject
Project("{9A19103F-16F7-4668-BE54-9A1E7A4F7556}") = "Raven.Cache.Redis", "src\Cache\Raven.Cache.Redis\Raven.Cache.Redis.csproj", "{9792F822-2143-4CA6-B3FB-ABE2ADA387DA}"
EndProject
Project("{2150E333-8FDC-42A3-9474-1A3956D46DE8}") = "Common", "Common", "{4B0A23E1-319A-41E6-AF71-C3F486D12760}"
EndProject
Project("{9A19103F-16F7-4668-BE54-9A1E7A4F7556}") = "Raven", "src\Common\Raven\Raven.csproj", "{C0C046D3-8BCA-40F1-B329-91CDFF03D4E4}"
EndProject
Project("{2150E333-8FDC-42A3-9474-1A3956D46DE8}") = "Domain", "Domain", "{427AE615-ABEE-4124-8541-D5EE34FB93AD}"
EndProject
Project("{9A19103F-16F7-4668-BE54-9A1E7A4F7556}") = "Raven.Entities", "src\Domain\Raven.Entities\Raven.Entities.csproj", "{7129FCD9-3D9B-4404-9B31-25F4C15C0320}"
EndProject
Project("{9A19103F-16F7-4668-BE54-9A1E7A4F7556}") = "Raven.EntityFrameworkCore", "src\Domain\Raven.EntityFrameworkCore\Raven.EntityFrameworkCore.csproj", "{A47BB365-57C8-4D5A-BA39-8FCE9A243D3F}"
EndProject
Project("{9A19103F-16F7-4668-BE54-9A1E7A4F7556}") = "Raven.EntityFrameworkCore.MySql", "src\Domain\Raven.EntityFrameworkCore.MySql\Raven.EntityFrameworkCore.MySql.csproj", "{352BBC9A-39F1-4F73-8768-B1877CE20C73}"
EndProject
Project("{9A19103F-16F7-4668-BE54-9A1E7A4F7556}") = "Raven.EntityFrameworkCore.Sqlite", "src\Domain\Raven.EntityFrameworkCore.Sqlite\Raven.EntityFrameworkCore.Sqlite.csproj", "{50E9A6E4-170C-4AB9-B82F-57EAF30AD4C1}"
EndProject
Project("{9A19103F-16F7-4668-BE54-9A1E7A4F7556}") = "Raven.EntityFrameworkCore.SqlServer", "src\Domain\Raven.EntityFrameworkCore.SqlServer\Raven.EntityFrameworkCore.SqlServer.csproj", "{A72EBECF-B787-47C6-864B-A826D78771E4}"
EndProject
Project("{9A19103F-16F7-4668-BE54-9A1E7A4F7556}") = "Raven.MySql", "src\Domain\Raven.MySql\Raven.MySql.csproj", "{D24388D3-9DAD-46ED-9C57-2FFB4FBB1118}"
EndProject
Project("{9A19103F-16F7-4668-BE54-9A1E7A4F7556}") = "Raven.Sqlite", "src\Domain\Raven.Sqlite\Raven.Sqlite.csproj", "{D148037E-8111-4C77-8272-5A2E923ACF24}"
EndProject
Project("{9A19103F-16F7-4668-BE54-9A1E7A4F7556}") = "Raven.SqlServer", "src\Domain\Raven.SqlServer\Raven.SqlServer.csproj", "{23CB1D94-9F85-4AE6-B9F8-0C88D1C127EC}"
EndProject
Project("{2150E333-8FDC-42A3-9474-1A3956D46DE8}") = "Jwt", "Jwt", "{23337BD0-691B-4789-B40E-6DB9520F191F}"
EndProject
Project("{9A19103F-16F7-4668-BE54-9A1E7A4F7556}") = "Raven.Jwt", "src\Jwt\Raven.Jwt\Raven.Jwt.csproj", "{D2645B50-23B0-420F-8F40-2424AD2B763C}"
EndProject
Project("{9A19103F-16F7-4668-BE54-9A1E7A4F7556}") = "Raven.DataAccess", "src\Domain\Raven.DataAccess\Raven.DataAccess.csproj", "{D2F785B8-6F92-4DD5-9A31-FA66732CAFD8}"
EndProject
Project("{2150E333-8FDC-42A3-9474-1A3956D46DE8}") = "Log", "Log", "{43B248A7-4E72-45B7-A8F0-5B7BA393F930}"
EndProject
Project("{9A19103F-16F7-4668-BE54-9A1E7A4F7556}") = "Raven.Log", "src\Log\Raven.Log\Raven.Log.csproj", "{7AF51B1C-2A21-4639-B246-130F357E9D9B}"
EndProject
Project("{2150E333-8FDC-42A3-9474-1A3956D46DE8}") = "EventBus", "EventBus", "{879C179B-47B9-4DB5-A346-FDFCFC348D18}"
EndProject
Project("{FAE04EC0-301F-11D3-BF4B-00C04F79EFBC}") = "Raven.EventBus.Abstractions", "src\EventBus\Raven.EventBus.Abstractions\Raven.EventBus.Abstractions.csproj", "{5E62585B-DB28-4FCB-B4AE-2B8B3BE553D8}"
EndProject
Project("{9A19103F-16F7-4668-BE54-9A1E7A4F7556}") = "Raven.EventBus.Memory", "src\EventBus\Raven.EventBus.Memory\Raven.EventBus.Memory.csproj", "{A07D4828-02FA-427B-BB38-5FEA5763D2A1}"
EndProject
Project("{9A19103F-16F7-4668-BE54-9A1E7A4F7556}") = "Raven.Test", "test\Raven.Test\Raven.Test.csproj", "{14BE71C7-C03E-407A-84FC-D183FF3627B2}"
EndProject
Global
	GlobalSection(SolutionConfigurationPlatforms) = preSolution
		Debug|Any CPU = Debug|Any CPU
		Release|Any CPU = Release|Any CPU
	EndGlobalSection
	GlobalSection(ProjectConfigurationPlatforms) = postSolution
		{C66EA5BD-66F0-4030-9E2D-B294AA3E42C1}.Debug|Any CPU.ActiveCfg = Debug|Any CPU
		{C66EA5BD-66F0-4030-9E2D-B294AA3E42C1}.Debug|Any CPU.Build.0 = Debug|Any CPU
		{C66EA5BD-66F0-4030-9E2D-B294AA3E42C1}.Release|Any CPU.ActiveCfg = Release|Any CPU
		{C66EA5BD-66F0-4030-9E2D-B294AA3E42C1}.Release|Any CPU.Build.0 = Release|Any CPU
		{1B6261B6-5B3C-4090-B2A6-85403D8A9A1D}.Debug|Any CPU.ActiveCfg = Debug|Any CPU
		{1B6261B6-5B3C-4090-B2A6-85403D8A9A1D}.Debug|Any CPU.Build.0 = Debug|Any CPU
		{1B6261B6-5B3C-4090-B2A6-85403D8A9A1D}.Release|Any CPU.ActiveCfg = Release|Any CPU
		{1B6261B6-5B3C-4090-B2A6-85403D8A9A1D}.Release|Any CPU.Build.0 = Release|Any CPU
		{2CB455FF-6180-40FB-8E08-92EC2D2D39ED}.Debug|Any CPU.ActiveCfg = Debug|Any CPU
		{2CB455FF-6180-40FB-8E08-92EC2D2D39ED}.Debug|Any CPU.Build.0 = Debug|Any CPU
		{2CB455FF-6180-40FB-8E08-92EC2D2D39ED}.Release|Any CPU.ActiveCfg = Release|Any CPU
		{2CB455FF-6180-40FB-8E08-92EC2D2D39ED}.Release|Any CPU.Build.0 = Release|Any CPU
		{4ABAB143-F71B-41C0-83E8-C29708A67C6A}.Debug|Any CPU.ActiveCfg = Debug|Any CPU
		{4ABAB143-F71B-41C0-83E8-C29708A67C6A}.Debug|Any CPU.Build.0 = Debug|Any CPU
		{4ABAB143-F71B-41C0-83E8-C29708A67C6A}.Release|Any CPU.ActiveCfg = Release|Any CPU
		{4ABAB143-F71B-41C0-83E8-C29708A67C6A}.Release|Any CPU.Build.0 = Release|Any CPU
		{9792F822-2143-4CA6-B3FB-ABE2ADA387DA}.Debug|Any CPU.ActiveCfg = Debug|Any CPU
		{9792F822-2143-4CA6-B3FB-ABE2ADA387DA}.Debug|Any CPU.Build.0 = Debug|Any CPU
		{9792F822-2143-4CA6-B3FB-ABE2ADA387DA}.Release|Any CPU.ActiveCfg = Release|Any CPU
		{9792F822-2143-4CA6-B3FB-ABE2ADA387DA}.Release|Any CPU.Build.0 = Release|Any CPU
		{C0C046D3-8BCA-40F1-B329-91CDFF03D4E4}.Debug|Any CPU.ActiveCfg = Debug|Any CPU
		{C0C046D3-8BCA-40F1-B329-91CDFF03D4E4}.Debug|Any CPU.Build.0 = Debug|Any CPU
		{C0C046D3-8BCA-40F1-B329-91CDFF03D4E4}.Release|Any CPU.ActiveCfg = Release|Any CPU
		{C0C046D3-8BCA-40F1-B329-91CDFF03D4E4}.Release|Any CPU.Build.0 = Release|Any CPU
		{7129FCD9-3D9B-4404-9B31-25F4C15C0320}.Debug|Any CPU.ActiveCfg = Debug|Any CPU
		{7129FCD9-3D9B-4404-9B31-25F4C15C0320}.Debug|Any CPU.Build.0 = Debug|Any CPU
		{7129FCD9-3D9B-4404-9B31-25F4C15C0320}.Release|Any CPU.ActiveCfg = Release|Any CPU
		{7129FCD9-3D9B-4404-9B31-25F4C15C0320}.Release|Any CPU.Build.0 = Release|Any CPU
		{A47BB365-57C8-4D5A-BA39-8FCE9A243D3F}.Debug|Any CPU.ActiveCfg = Debug|Any CPU
		{A47BB365-57C8-4D5A-BA39-8FCE9A243D3F}.Debug|Any CPU.Build.0 = Debug|Any CPU
		{A47BB365-57C8-4D5A-BA39-8FCE9A243D3F}.Release|Any CPU.ActiveCfg = Release|Any CPU
		{A47BB365-57C8-4D5A-BA39-8FCE9A243D3F}.Release|Any CPU.Build.0 = Release|Any CPU
		{352BBC9A-39F1-4F73-8768-B1877CE20C73}.Debug|Any CPU.ActiveCfg = Debug|Any CPU
		{352BBC9A-39F1-4F73-8768-B1877CE20C73}.Debug|Any CPU.Build.0 = Debug|Any CPU
		{352BBC9A-39F1-4F73-8768-B1877CE20C73}.Release|Any CPU.ActiveCfg = Release|Any CPU
		{352BBC9A-39F1-4F73-8768-B1877CE20C73}.Release|Any CPU.Build.0 = Release|Any CPU
		{50E9A6E4-170C-4AB9-B82F-57EAF30AD4C1}.Debug|Any CPU.ActiveCfg = Debug|Any CPU
		{50E9A6E4-170C-4AB9-B82F-57EAF30AD4C1}.Debug|Any CPU.Build.0 = Debug|Any CPU
		{50E9A6E4-170C-4AB9-B82F-57EAF30AD4C1}.Release|Any CPU.ActiveCfg = Release|Any CPU
		{50E9A6E4-170C-4AB9-B82F-57EAF30AD4C1}.Release|Any CPU.Build.0 = Release|Any CPU
		{A72EBECF-B787-47C6-864B-A826D78771E4}.Debug|Any CPU.ActiveCfg = Debug|Any CPU
		{A72EBECF-B787-47C6-864B-A826D78771E4}.Debug|Any CPU.Build.0 = Debug|Any CPU
		{A72EBECF-B787-47C6-864B-A826D78771E4}.Release|Any CPU.ActiveCfg = Release|Any CPU
		{A72EBECF-B787-47C6-864B-A826D78771E4}.Release|Any CPU.Build.0 = Release|Any CPU
		{D24388D3-9DAD-46ED-9C57-2FFB4FBB1118}.Debug|Any CPU.ActiveCfg = Debug|Any CPU
		{D24388D3-9DAD-46ED-9C57-2FFB4FBB1118}.Debug|Any CPU.Build.0 = Debug|Any CPU
		{D24388D3-9DAD-46ED-9C57-2FFB4FBB1118}.Release|Any CPU.ActiveCfg = Release|Any CPU
		{D24388D3-9DAD-46ED-9C57-2FFB4FBB1118}.Release|Any CPU.Build.0 = Release|Any CPU
		{D148037E-8111-4C77-8272-5A2E923ACF24}.Debug|Any CPU.ActiveCfg = Debug|Any CPU
		{D148037E-8111-4C77-8272-5A2E923ACF24}.Debug|Any CPU.Build.0 = Debug|Any CPU
		{D148037E-8111-4C77-8272-5A2E923ACF24}.Release|Any CPU.ActiveCfg = Release|Any CPU
		{D148037E-8111-4C77-8272-5A2E923ACF24}.Release|Any CPU.Build.0 = Release|Any CPU
		{23CB1D94-9F85-4AE6-B9F8-0C88D1C127EC}.Debug|Any CPU.ActiveCfg = Debug|Any CPU
		{23CB1D94-9F85-4AE6-B9F8-0C88D1C127EC}.Debug|Any CPU.Build.0 = Debug|Any CPU
		{23CB1D94-9F85-4AE6-B9F8-0C88D1C127EC}.Release|Any CPU.ActiveCfg = Release|Any CPU
		{23CB1D94-9F85-4AE6-B9F8-0C88D1C127EC}.Release|Any CPU.Build.0 = Release|Any CPU
		{D2645B50-23B0-420F-8F40-2424AD2B763C}.Debug|Any CPU.ActiveCfg = Debug|Any CPU
		{D2645B50-23B0-420F-8F40-2424AD2B763C}.Debug|Any CPU.Build.0 = Debug|Any CPU
		{D2645B50-23B0-420F-8F40-2424AD2B763C}.Release|Any CPU.ActiveCfg = Release|Any CPU
		{D2645B50-23B0-420F-8F40-2424AD2B763C}.Release|Any CPU.Build.0 = Release|Any CPU
		{D2F785B8-6F92-4DD5-9A31-FA66732CAFD8}.Debug|Any CPU.ActiveCfg = Debug|Any CPU
		{D2F785B8-6F92-4DD5-9A31-FA66732CAFD8}.Debug|Any CPU.Build.0 = Debug|Any CPU
		{D2F785B8-6F92-4DD5-9A31-FA66732CAFD8}.Release|Any CPU.ActiveCfg = Release|Any CPU
		{D2F785B8-6F92-4DD5-9A31-FA66732CAFD8}.Release|Any CPU.Build.0 = Release|Any CPU
		{7AF51B1C-2A21-4639-B246-130F357E9D9B}.Debug|Any CPU.ActiveCfg = Debug|Any CPU
		{7AF51B1C-2A21-4639-B246-130F357E9D9B}.Debug|Any CPU.Build.0 = Debug|Any CPU
		{7AF51B1C-2A21-4639-B246-130F357E9D9B}.Release|Any CPU.ActiveCfg = Release|Any CPU
		{7AF51B1C-2A21-4639-B246-130F357E9D9B}.Release|Any CPU.Build.0 = Release|Any CPU
		{5E62585B-DB28-4FCB-B4AE-2B8B3BE553D8}.Debug|Any CPU.ActiveCfg = Debug|Any CPU
		{5E62585B-DB28-4FCB-B4AE-2B8B3BE553D8}.Debug|Any CPU.Build.0 = Debug|Any CPU
		{5E62585B-DB28-4FCB-B4AE-2B8B3BE553D8}.Release|Any CPU.ActiveCfg = Release|Any CPU
		{5E62585B-DB28-4FCB-B4AE-2B8B3BE553D8}.Release|Any CPU.Build.0 = Release|Any CPU
		{A07D4828-02FA-427B-BB38-5FEA5763D2A1}.Debug|Any CPU.ActiveCfg = Debug|Any CPU
		{A07D4828-02FA-427B-BB38-5FEA5763D2A1}.Debug|Any CPU.Build.0 = Debug|Any CPU
		{A07D4828-02FA-427B-BB38-5FEA5763D2A1}.Release|Any CPU.ActiveCfg = Release|Any CPU
		{A07D4828-02FA-427B-BB38-5FEA5763D2A1}.Release|Any CPU.Build.0 = Release|Any CPU
		{14BE71C7-C03E-407A-84FC-D183FF3627B2}.Debug|Any CPU.ActiveCfg = Debug|Any CPU
		{14BE71C7-C03E-407A-84FC-D183FF3627B2}.Debug|Any CPU.Build.0 = Debug|Any CPU
		{14BE71C7-C03E-407A-84FC-D183FF3627B2}.Release|Any CPU.ActiveCfg = Release|Any CPU
		{14BE71C7-C03E-407A-84FC-D183FF3627B2}.Release|Any CPU.Build.0 = Release|Any CPU
	EndGlobalSection
	GlobalSection(SolutionProperties) = preSolution
		HideSolutionNode = FALSE
	EndGlobalSection
	GlobalSection(NestedProjects) = preSolution
		{6ACEC9BF-3BA3-4A27-AF54-60B95A6568E2} = {215176BD-3D59-4345-8D89-4B567EFCD759}
		{C66EA5BD-66F0-4030-9E2D-B294AA3E42C1} = {6ACEC9BF-3BA3-4A27-AF54-60B95A6568E2}
		{6B3AB3FA-4409-44A0-A094-1B1704187E0D} = {215176BD-3D59-4345-8D89-4B567EFCD759}
		{1B6261B6-5B3C-4090-B2A6-85403D8A9A1D} = {6ACEC9BF-3BA3-4A27-AF54-60B95A6568E2}
		{2CB455FF-6180-40FB-8E08-92EC2D2D39ED} = {6ACEC9BF-3BA3-4A27-AF54-60B95A6568E2}
		{4ABAB143-F71B-41C0-83E8-C29708A67C6A} = {6B3AB3FA-4409-44A0-A094-1B1704187E0D}
		{9792F822-2143-4CA6-B3FB-ABE2ADA387DA} = {6B3AB3FA-4409-44A0-A094-1B1704187E0D}
		{4B0A23E1-319A-41E6-AF71-C3F486D12760} = {215176BD-3D59-4345-8D89-4B567EFCD759}
		{C0C046D3-8BCA-40F1-B329-91CDFF03D4E4} = {4B0A23E1-319A-41E6-AF71-C3F486D12760}
		{427AE615-ABEE-4124-8541-D5EE34FB93AD} = {215176BD-3D59-4345-8D89-4B567EFCD759}
		{7129FCD9-3D9B-4404-9B31-25F4C15C0320} = {427AE615-ABEE-4124-8541-D5EE34FB93AD}
		{A47BB365-57C8-4D5A-BA39-8FCE9A243D3F} = {427AE615-ABEE-4124-8541-D5EE34FB93AD}
		{352BBC9A-39F1-4F73-8768-B1877CE20C73} = {427AE615-ABEE-4124-8541-D5EE34FB93AD}
		{50E9A6E4-170C-4AB9-B82F-57EAF30AD4C1} = {427AE615-ABEE-4124-8541-D5EE34FB93AD}
		{A72EBECF-B787-47C6-864B-A826D78771E4} = {427AE615-ABEE-4124-8541-D5EE34FB93AD}
		{D24388D3-9DAD-46ED-9C57-2FFB4FBB1118} = {427AE615-ABEE-4124-8541-D5EE34FB93AD}
		{D148037E-8111-4C77-8272-5A2E923ACF24} = {427AE615-ABEE-4124-8541-D5EE34FB93AD}
		{23CB1D94-9F85-4AE6-B9F8-0C88D1C127EC} = {427AE615-ABEE-4124-8541-D5EE34FB93AD}
		{23337BD0-691B-4789-B40E-6DB9520F191F} = {215176BD-3D59-4345-8D89-4B567EFCD759}
		{D2645B50-23B0-420F-8F40-2424AD2B763C} = {23337BD0-691B-4789-B40E-6DB9520F191F}
		{D2F785B8-6F92-4DD5-9A31-FA66732CAFD8} = {427AE615-ABEE-4124-8541-D5EE34FB93AD}
		{43B248A7-4E72-45B7-A8F0-5B7BA393F930} = {215176BD-3D59-4345-8D89-4B567EFCD759}
		{7AF51B1C-2A21-4639-B246-130F357E9D9B} = {43B248A7-4E72-45B7-A8F0-5B7BA393F930}
		{879C179B-47B9-4DB5-A346-FDFCFC348D18} = {215176BD-3D59-4345-8D89-4B567EFCD759}
		{5E62585B-DB28-4FCB-B4AE-2B8B3BE553D8} = {879C179B-47B9-4DB5-A346-FDFCFC348D18}
		{A07D4828-02FA-427B-BB38-5FEA5763D2A1} = {879C179B-47B9-4DB5-A346-FDFCFC348D18}
		{14BE71C7-C03E-407A-84FC-D183FF3627B2} = {B6D86199-8075-41B3-ACF9-F26438A5CB41}
	EndGlobalSection
	GlobalSection(ExtensibilityGlobals) = postSolution
		SolutionGuid = {9C43E25F-90B8-4370-9470-A77C131B5EB6}
	EndGlobalSection
EndGlobal
